
Microsoft Visual Studio Solution File, Format Version 12.00
# Visual Studio Version 16
VisualStudioVersion = 16.0.31613.86
MinimumVisualStudioVersion = 10.0.40219.1
Project("{FAE04EC0-301F-11D3-BF4B-00C04F79EFBC}") = "PolomkaProgrammVersion2", "PolomkaProgrammVersion2\PolomkaProgrammVersion2.csproj", "{ADB2D78A-3CCA-47A2-9B89-EA4AB11EF762}"
EndProject
Global
	GlobalSection(SolutionConfigurationPlatforms) = preSolution
		Debug|Any CPU = Debug|Any CPU
		Release|Any CPU = Release|Any CPU
	EndGlobalSection
	GlobalSection(ProjectConfigurationPlatforms) = postSolution
		{ADB2D78A-3CCA-47A2-9B89-EA4AB11EF762}.Debug|Any CPU.ActiveCfg = Debug|Any CPU
		{ADB2D78A-3CCA-47A2-9B89-EA4AB11EF762}.Debug|Any CPU.Build.0 = Debug|Any CPU
		{ADB2D78A-3CCA-47A2-9B89-EA4AB11EF762}.Release|Any CPU.ActiveCfg = Release|Any CPU
		{ADB2D78A-3CCA-47A2-9B89-EA4AB11EF762}.Release|Any CPU.Build.0 = Release|Any CPU
	EndGlobalSection
	GlobalSection(SolutionProperties) = preSolution
		HideSolutionNode = FALSE
	EndGlobalSection
	GlobalSection(ExtensibilityGlobals) = postSolution
		SolutionGuid = {59CDD2ED-87A2-4CF6-B49A-253AA3F0A130}
	EndGlobalSection
EndGlobal
